{
    "version": 3,
    "terraform_version": "0.11.11",
    "serial": 68,
    "lineage": "42fbed66-3506-09b6-1b55-553dd68329b6",
    "modules": [
        {
            "path": [
                "root"
            ],
            "outputs": {},
            "resources": {
                "aws_autoscaling_group.database_auto": {
                    "type": "aws_autoscaling_group",
                    "depends_on": [
                        "aws_launch_configuration.database",
                        "aws_subnet.public_subnet1",
                        "aws_subnet.public_subnet2"
                    ],
                    "primary": {
                        "id": "database_auto",
                        "attributes": {
                            "arn": "arn:aws:autoscaling:us-west-2:617495044323:autoScalingGroup:eaca3a5d-492b-419b-88e8-098281e19c5f:autoScalingGroupName/database_auto",
                            "availability_zones.#": "2",
                            "availability_zones.221770259": "us-west-2b",
                            "availability_zones.2487133097": "us-west-2a",
                            "default_cooldown": "300",
                            "desired_capacity": "1",
                            "enabled_metrics.#": "0",
                            "force_delete": "false",
                            "health_check_grace_period": "300",
                            "health_check_type": "EC2",
                            "id": "database_auto",
                            "launch_configuration": "VM3(db)",
                            "launch_template.#": "0",
                            "load_balancers.#": "0",
                            "max_instance_lifetime": "0",
                            "max_size": "1",
                            "metrics_granularity": "1Minute",
                            "min_size": "1",
                            "mixed_instances_policy.#": "0",
                            "name": "database_auto",
                            "placement_group": "",
                            "protect_from_scale_in": "false",
                            "service_linked_role_arn": "arn:aws:iam::617495044323:role/aws-service-role/autoscaling.amazonaws.com/AWSServiceRoleForAutoScaling",
                            "suspended_processes.#": "0",
                            "tag.#": "1",
                            "tag.4131587650.key": "Name",
                            "tag.4131587650.propagate_at_launch": "true",
                            "tag.4131587650.value": "VM3",
                            "target_group_arns.#": "0",
                            "termination_policies.#": "0",
                            "vpc_zone_identifier.#": "2",
                            "vpc_zone_identifier.1747866561": "subnet-085d0a88eef51635e",
                            "vpc_zone_identifier.2960111603": "subnet-05e377a2efeaa8d68",
                            "wait_for_capacity_timeout": "10m"
                        },
                        "meta": {
                            "e2bfb730-ecaa-11e6-8f88-34363bc7c4c0": {
                                "delete": 600000000000
                            }
                        },
                        "tainted": false
                    },
                    "deposed": [],
                    "provider": "provider.aws"
                },
                "aws_autoscaling_group.nginx_auto": {
                    "type": "aws_autoscaling_group",
                    "depends_on": [
                        "aws_launch_configuration.nginx",
                        "aws_subnet.public_subnet1",
                        "aws_subnet.public_subnet2"
                    ],
                    "primary": {
                        "id": "app_sg",
                        "attributes": {
                            "arn": "arn:aws:autoscaling:us-west-2:617495044323:autoScalingGroup:0270e62c-3212-4d18-b537-1904d0b3638e:autoScalingGroupName/app_sg",
                            "availability_zones.#": "2",
                            "availability_zones.221770259": "us-west-2b",
                            "availability_zones.2487133097": "us-west-2a",
                            "default_cooldown": "300",
                            "desired_capacity": "1",
                            "enabled_metrics.#": "0",
                            "force_delete": "false",
                            "health_check_grace_period": "300",
                            "health_check_type": "EC2",
                            "id": "app_sg",
                            "launch_configuration": "VM1(nginx)",
                            "launch_template.#": "0",
                            "load_balancers.#": "0",
                            "max_instance_lifetime": "0",
                            "max_size": "1",
                            "metrics_granularity": "1Minute",
                            "min_size": "1",
                            "mixed_instances_policy.#": "0",
                            "name": "app_sg",
                            "placement_group": "",
                            "protect_from_scale_in": "false",
                            "service_linked_role_arn": "arn:aws:iam::617495044323:role/aws-service-role/autoscaling.amazonaws.com/AWSServiceRoleForAutoScaling",
                            "suspended_processes.#": "0",
                            "tag.#": "1",
                            "tag.1641813867.key": "Name",
                            "tag.1641813867.propagate_at_launch": "true",
                            "tag.1641813867.value": "VM1",
                            "target_group_arns.#": "0",
                            "termination_policies.#": "0",
                            "vpc_zone_identifier.#": "2",
                            "vpc_zone_identifier.1747866561": "subnet-085d0a88eef51635e",
                            "vpc_zone_identifier.2960111603": "subnet-05e377a2efeaa8d68",
                            "wait_for_capacity_timeout": "10m"
                        },
                        "meta": {
                            "e2bfb730-ecaa-11e6-8f88-34363bc7c4c0": {
                                "delete": 600000000000
                            }
                        },
                        "tainted": false
                    },
                    "deposed": [],
                    "provider": "provider.aws"
                },
                "aws_autoscaling_group.petclinic_auto": {
                    "type": "aws_autoscaling_group",
                    "depends_on": [
                        "aws_launch_configuration.petclinic",
                        "aws_subnet.public_subnet1",
                        "aws_subnet.public_subnet2"
                    ],
                    "primary": {
                        "id": "petclinic_auto",
                        "attributes": {
                            "arn": "arn:aws:autoscaling:us-west-2:617495044323:autoScalingGroup:bae76d67-ef94-430c-a2db-c87e6883ee99:autoScalingGroupName/petclinic_auto",
                            "availability_zones.#": "2",
                            "availability_zones.221770259": "us-west-2b",
                            "availability_zones.2487133097": "us-west-2a",
                            "default_cooldown": "300",
                            "desired_capacity": "1",
                            "enabled_metrics.#": "0",
                            "force_delete": "false",
                            "health_check_grace_period": "300",
                            "health_check_type": "EC2",
                            "id": "petclinic_auto",
                            "launch_configuration": "VM2(petclinic)",
                            "launch_template.#": "0",
                            "load_balancers.#": "0",
                            "max_instance_lifetime": "0",
                            "max_size": "1",
                            "metrics_granularity": "1Minute",
                            "min_size": "1",
                            "mixed_instances_policy.#": "0",
                            "name": "petclinic_auto",
                            "placement_group": "",
                            "protect_from_scale_in": "false",
                            "service_linked_role_arn": "arn:aws:iam::617495044323:role/aws-service-role/autoscaling.amazonaws.com/AWSServiceRoleForAutoScaling",
                            "suspended_processes.#": "0",
                            "tag.#": "1",
                            "tag.1345588726.key": "Name",
                            "tag.1345588726.propagate_at_launch": "true",
                            "tag.1345588726.value": "VM2",
                            "target_group_arns.#": "0",
                            "termination_policies.#": "0",
                            "vpc_zone_identifier.#": "2",
                            "vpc_zone_identifier.1747866561": "subnet-085d0a88eef51635e",
                            "vpc_zone_identifier.2960111603": "subnet-05e377a2efeaa8d68",
                            "wait_for_capacity_timeout": "10m"
                        },
                        "meta": {
                            "e2bfb730-ecaa-11e6-8f88-34363bc7c4c0": {
                                "delete": 600000000000
                            }
                        },
                        "tainted": false
                    },
                    "deposed": [],
                    "provider": "provider.aws"
                },
                "aws_internet_gateway.igw": {
                    "type": "aws_internet_gateway",
                    "depends_on": [
                        "aws_vpc.demo_network"
                    ],
                    "primary": {
                        "id": "igw-0802a24215f112eaf",
                        "attributes": {
                            "id": "igw-0802a24215f112eaf",
                            "owner_id": "617495044323",
                            "tags.%": "1",
                            "tags.Name": "demo_igw",
                            "vpc_id": "vpc-0b000593f8e85a4cb"
                        },
                        "meta": {},
                        "tainted": false
                    },
                    "deposed": [],
                    "provider": "provider.aws"
                },
                "aws_launch_configuration.database": {
                    "type": "aws_launch_configuration",
                    "depends_on": [
                        "aws_security_group.db_sg"
                    ],
                    "primary": {
                        "id": "VM3(db)",
                        "attributes": {
                            "arn": "arn:aws:autoscaling:us-west-2:617495044323:launchConfiguration:15bf20d1-90ed-4fab-9c4c-38683642c0b4:launchConfigurationName/VM3(db)",
                            "associate_public_ip_address": "true",
                            "ebs_block_device.#": "0",
                            "ebs_optimized": "false",
                            "enable_monitoring": "true",
                            "ephemeral_block_device.#": "0",
                            "iam_instance_profile": "",
                            "id": "VM3(db)",
                            "image_id": "ami-0d1cd67c26f5fca19",
                            "instance_type": "t2.micro",
                            "key_name": "Epam_labs_us-west2",
                            "name": "VM3(db)",
                            "root_block_device.#": "0",
                            "security_groups.#": "1",
                            "security_groups.3028002976": "sg-0f3d4a3d43f79ed9a",
                            "spot_price": "",
                            "user_data": "62b0bea7728254210acb496753dff88f85edd176",
                            "vpc_classic_link_id": "",
                            "vpc_classic_link_security_groups.#": "0"
                        },
                        "meta": {},
                        "tainted": false
                    },
                    "deposed": [],
                    "provider": "provider.aws"
                },
                "aws_launch_configuration.nginx": {
                    "type": "aws_launch_configuration",
                    "depends_on": [
                        "aws_security_group.application_sg"
                    ],
                    "primary": {
                        "id": "VM1(nginx)",
                        "attributes": {
                            "arn": "arn:aws:autoscaling:us-west-2:617495044323:launchConfiguration:8525f17d-6ac6-41f2-a9d7-ec0ca116b9d4:launchConfigurationName/VM1(nginx)",
                            "associate_public_ip_address": "true",
                            "ebs_block_device.#": "0",
                            "ebs_optimized": "false",
                            "enable_monitoring": "true",
                            "ephemeral_block_device.#": "0",
                            "iam_instance_profile": "",
                            "id": "VM1(nginx)",
                            "image_id": "ami-00c5fcec4d0bcb70f",
                            "instance_type": "t2.micro",
                            "key_name": "Epam_labs_us-west2",
                            "name": "VM1(nginx)",
                            "root_block_device.#": "0",
                            "security_groups.#": "1",
                            "security_groups.1102480177": "sg-0af71699533300889",
                            "spot_price": "",
                            "user_data": "7b5190a9530c5496d6659c335f90824b8724662a",
                            "vpc_classic_link_id": "",
                            "vpc_classic_link_security_groups.#": "0"
                        },
                        "meta": {},
                        "tainted": false
                    },
                    "deposed": [],
                    "provider": "provider.aws"
                },
                "aws_launch_configuration.petclinic": {
                    "type": "aws_launch_configuration",
                    "depends_on": [
                        "aws_security_group.application_sg"
                    ],
                    "primary": {
                        "id": "VM2(petclinic)",
                        "attributes": {
                            "arn": "arn:aws:autoscaling:us-west-2:617495044323:launchConfiguration:b6033312-ea8f-4c2d-8702-77076f02fbb0:launchConfigurationName/VM2(petclinic)",
                            "associate_public_ip_address": "true",
                            "ebs_block_device.#": "0",
                            "ebs_optimized": "false",
                            "enable_monitoring": "true",
                            "ephemeral_block_device.#": "0",
                            "iam_instance_profile": "",
                            "id": "VM2(petclinic)",
                            "image_id": "ami-00c5fcec4d0bcb70f",
                            "instance_type": "t2.micro",
                            "key_name": "Epam_labs_us-west2",
                            "name": "VM2(petclinic)",
                            "root_block_device.#": "0",
                            "security_groups.#": "1",
                            "security_groups.1102480177": "sg-0af71699533300889",
                            "spot_price": "",
                            "user_data": "7b5190a9530c5496d6659c335f90824b8724662a",
                            "vpc_classic_link_id": "",
                            "vpc_classic_link_security_groups.#": "0"
                        },
                        "meta": {},
                        "tainted": false
                    },
                    "deposed": [],
                    "provider": "provider.aws"
                },
                "aws_route_table.public_route": {
                    "type": "aws_route_table",
                    "depends_on": [
                        "aws_internet_gateway.igw",
                        "aws_vpc.demo_network"
                    ],
                    "primary": {
                        "id": "rtb-05da89ae023b9448b",
                        "attributes": {
                            "id": "rtb-05da89ae023b9448b",
                            "owner_id": "617495044323",
                            "propagating_vgws.#": "0",
                            "route.#": "1",
                            "route.848239653.cidr_block": "0.0.0.0/0",
                            "route.848239653.egress_only_gateway_id": "",
                            "route.848239653.gateway_id": "igw-0802a24215f112eaf",
                            "route.848239653.instance_id": "",
                            "route.848239653.ipv6_cidr_block": "",
                            "route.848239653.nat_gateway_id": "",
                            "route.848239653.network_interface_id": "",
                            "route.848239653.transit_gateway_id": "",
                            "route.848239653.vpc_peering_connection_id": "",
                            "tags.%": "1",
                            "tags.Name": "public_route",
                            "vpc_id": "vpc-0b000593f8e85a4cb"
                        },
                        "meta": {},
                        "tainted": false
                    },
                    "deposed": [],
                    "provider": "provider.aws"
                },
                "aws_route_table_association.public1": {
                    "type": "aws_route_table_association",
                    "depends_on": [
                        "aws_route_table.public_route",
                        "aws_subnet.public_subnet1"
                    ],
                    "primary": {
                        "id": "rtbassoc-0753b55cb0dc4aabd",
                        "attributes": {
                            "id": "rtbassoc-0753b55cb0dc4aabd",
                            "route_table_id": "rtb-05da89ae023b9448b",
                            "subnet_id": "subnet-05e377a2efeaa8d68"
                        },
                        "meta": {},
                        "tainted": false
                    },
                    "deposed": [],
                    "provider": "provider.aws"
                },
                "aws_route_table_association.public2": {
                    "type": "aws_route_table_association",
                    "depends_on": [
                        "aws_route_table.public_route",
                        "aws_subnet.public_subnet2"
                    ],
                    "primary": {
                        "id": "rtbassoc-0eb99b33210158307",
                        "attributes": {
                            "id": "rtbassoc-0eb99b33210158307",
                            "route_table_id": "rtb-05da89ae023b9448b",
                            "subnet_id": "subnet-085d0a88eef51635e"
                        },
                        "meta": {},
                        "tainted": false
                    },
                    "deposed": [],
                    "provider": "provider.aws"
                },
                "aws_security_group.application_sg": {
                    "type": "aws_security_group",
                    "depends_on": [
                        "aws_vpc.demo_network"
                    ],
                    "primary": {
                        "id": "sg-0af71699533300889",
                        "attributes": {
                            "arn": "arn:aws:ec2:us-west-2:617495044323:security-group/sg-0af71699533300889",
                            "description": "Application SG",
                            "egress.#": "1",
                            "egress.482069346.cidr_blocks.#": "1",
                            "egress.482069346.cidr_blocks.0": "0.0.0.0/0",
                            "egress.482069346.description": "",
                            "egress.482069346.from_port": "0",
                            "egress.482069346.ipv6_cidr_blocks.#": "0",
                            "egress.482069346.prefix_list_ids.#": "0",
                            "egress.482069346.protocol": "-1",
                            "egress.482069346.security_groups.#": "0",
                            "egress.482069346.self": "false",
                            "egress.482069346.to_port": "0",
                            "id": "sg-0af71699533300889",
                            "ingress.#": "3",
                            "ingress.1285143609.cidr_blocks.#": "1",
                            "ingress.1285143609.cidr_blocks.0": "0.0.0.0/0",
                            "ingress.1285143609.description": "tcp",
                            "ingress.1285143609.from_port": "22",
                            "ingress.1285143609.ipv6_cidr_blocks.#": "0",
                            "ingress.1285143609.prefix_list_ids.#": "0",
                            "ingress.1285143609.protocol": "tcp",
                            "ingress.1285143609.security_groups.#": "0",
                            "ingress.1285143609.self": "false",
                            "ingress.1285143609.to_port": "22",
                            "ingress.2764680706.cidr_blocks.#": "1",
                            "ingress.2764680706.cidr_blocks.0": "0.0.0.0/0",
                            "ingress.2764680706.description": "tcp",
                            "ingress.2764680706.from_port": "8080",
                            "ingress.2764680706.ipv6_cidr_blocks.#": "0",
                            "ingress.2764680706.prefix_list_ids.#": "0",
                            "ingress.2764680706.protocol": "tcp",
                            "ingress.2764680706.security_groups.#": "0",
                            "ingress.2764680706.self": "false",
                            "ingress.2764680706.to_port": "8084",
                            "ingress.3237051655.cidr_blocks.#": "1",
                            "ingress.3237051655.cidr_blocks.0": "0.0.0.0/0",
                            "ingress.3237051655.description": "tcp",
                            "ingress.3237051655.from_port": "80",
                            "ingress.3237051655.ipv6_cidr_blocks.#": "0",
                            "ingress.3237051655.prefix_list_ids.#": "0",
                            "ingress.3237051655.protocol": "tcp",
                            "ingress.3237051655.security_groups.#": "0",
                            "ingress.3237051655.self": "false",
                            "ingress.3237051655.to_port": "80",
                            "name": "application_sg",
                            "owner_id": "617495044323",
                            "revoke_rules_on_delete": "false",
                            "tags.%": "1",
                            "tags.Name": "Application SG",
                            "vpc_id": "vpc-0b000593f8e85a4cb"
                        },
                        "meta": {
                            "e2bfb730-ecaa-11e6-8f88-34363bc7c4c0": {
                                "create": 600000000000,
                                "delete": 600000000000
                            },
                            "schema_version": "1"
                        },
                        "tainted": false
                    },
                    "deposed": [],
                    "provider": "provider.aws"
                },
                "aws_security_group.db_sg": {
                    "type": "aws_security_group",
                    "depends_on": [
                        "aws_vpc.demo_network"
                    ],
                    "primary": {
                        "id": "sg-0f3d4a3d43f79ed9a",
                        "attributes": {
                            "arn": "arn:aws:ec2:us-west-2:617495044323:security-group/sg-0f3d4a3d43f79ed9a",
                            "description": "Database SG",
                            "egress.#": "1",
                            "egress.482069346.cidr_blocks.#": "1",
                            "egress.482069346.cidr_blocks.0": "0.0.0.0/0",
                            "egress.482069346.description": "",
                            "egress.482069346.from_port": "0",
                            "egress.482069346.ipv6_cidr_blocks.#": "0",
                            "egress.482069346.prefix_list_ids.#": "0",
                            "egress.482069346.protocol": "-1",
                            "egress.482069346.security_groups.#": "0",
                            "egress.482069346.self": "false",
                            "egress.482069346.to_port": "0",
                            "id": "sg-0f3d4a3d43f79ed9a",
                            "ingress.#": "2",
                            "ingress.1777416770.cidr_blocks.#": "1",
                            "ingress.1777416770.cidr_blocks.0": "188.163.113.216/32",
                            "ingress.1777416770.description": "DB-connection from VPC",
                            "ingress.1777416770.from_port": "0",
                            "ingress.1777416770.ipv6_cidr_blocks.#": "0",
                            "ingress.1777416770.prefix_list_ids.#": "0",
                            "ingress.1777416770.protocol": "-1",
                            "ingress.1777416770.security_groups.#": "0",
                            "ingress.1777416770.self": "false",
                            "ingress.1777416770.to_port": "0",
                            "ingress.3230091267.cidr_blocks.#": "1",
                            "ingress.3230091267.cidr_blocks.0": "10.0.0.0/16",
                            "ingress.3230091267.description": "DB-connection from VPC",
                            "ingress.3230091267.from_port": "0",
                            "ingress.3230091267.ipv6_cidr_blocks.#": "0",
                            "ingress.3230091267.prefix_list_ids.#": "0",
                            "ingress.3230091267.protocol": "-1",
                            "ingress.3230091267.security_groups.#": "0",
                            "ingress.3230091267.self": "false",
                            "ingress.3230091267.to_port": "0",
                            "name": "db_sg",
                            "owner_id": "617495044323",
                            "revoke_rules_on_delete": "false",
                            "tags.%": "1",
                            "tags.Name": "DB SG",
                            "vpc_id": "vpc-0b000593f8e85a4cb"
                        },
                        "meta": {
                            "e2bfb730-ecaa-11e6-8f88-34363bc7c4c0": {
                                "create": 600000000000,
                                "delete": 600000000000
                            },
                            "schema_version": "1"
                        },
                        "tainted": false
                    },
                    "deposed": [],
                    "provider": "provider.aws"
                },
                "aws_subnet.public_subnet1": {
                    "type": "aws_subnet",
                    "depends_on": [
                        "aws_vpc.demo_network"
                    ],
                    "primary": {
                        "id": "subnet-05e377a2efeaa8d68",
                        "attributes": {
                            "arn": "arn:aws:ec2:us-west-2:617495044323:subnet/subnet-05e377a2efeaa8d68",
                            "assign_ipv6_address_on_creation": "false",
                            "availability_zone": "us-west-2a",
                            "availability_zone_id": "usw2-az1",
                            "cidr_block": "10.0.10.0/24",
                            "id": "subnet-05e377a2efeaa8d68",
                            "ipv6_cidr_block": "",
                            "ipv6_cidr_block_association_id": "",
                            "map_public_ip_on_launch": "true",
                            "owner_id": "617495044323",
                            "tags.%": "1",
                            "tags.Name": "public_subnet1",
                            "vpc_id": "vpc-0b000593f8e85a4cb"
                        },
                        "meta": {
                            "e2bfb730-ecaa-11e6-8f88-34363bc7c4c0": {
                                "create": 600000000000,
                                "delete": 1200000000000
                            },
                            "schema_version": "1"
                        },
                        "tainted": false
                    },
                    "deposed": [],
                    "provider": "provider.aws"
                },
                "aws_subnet.public_subnet2": {
                    "type": "aws_subnet",
                    "depends_on": [
                        "aws_vpc.demo_network"
                    ],
                    "primary": {
                        "id": "subnet-085d0a88eef51635e",
                        "attributes": {
                            "arn": "arn:aws:ec2:us-west-2:617495044323:subnet/subnet-085d0a88eef51635e",
                            "assign_ipv6_address_on_creation": "false",
                            "availability_zone": "us-west-2b",
                            "availability_zone_id": "usw2-az2",
                            "cidr_block": "10.0.11.0/24",
                            "id": "subnet-085d0a88eef51635e",
                            "ipv6_cidr_block": "",
                            "ipv6_cidr_block_association_id": "",
                            "map_public_ip_on_launch": "true",
                            "owner_id": "617495044323",
                            "tags.%": "1",
                            "tags.Name": "public_subnet2",
                            "vpc_id": "vpc-0b000593f8e85a4cb"
                        },
                        "meta": {
                            "e2bfb730-ecaa-11e6-8f88-34363bc7c4c0": {
                                "create": 600000000000,
                                "delete": 1200000000000
                            },
                            "schema_version": "1"
                        },
                        "tainted": false
                    },
                    "deposed": [],
                    "provider": "provider.aws"
                },
                "aws_vpc.demo_network": {
                    "type": "aws_vpc",
                    "depends_on": [],
                    "primary": {
                        "id": "vpc-0b000593f8e85a4cb",
                        "attributes": {
                            "arn": "arn:aws:ec2:us-west-2:617495044323:vpc/vpc-0b000593f8e85a4cb",
                            "assign_generated_ipv6_cidr_block": "false",
                            "cidr_block": "10.0.0.0/16",
                            "default_network_acl_id": "acl-00e7d9337bd17fbd6",
                            "default_route_table_id": "rtb-06e46afaece3ab76e",
                            "default_security_group_id": "sg-08309c7c46943e796",
                            "dhcp_options_id": "dopt-d5b32fad",
                            "enable_classiclink": "false",
                            "enable_classiclink_dns_support": "false",
                            "enable_dns_hostnames": "false",
                            "enable_dns_support": "true",
                            "id": "vpc-0b000593f8e85a4cb",
                            "instance_tenancy": "default",
                            "ipv6_association_id": "",
                            "ipv6_cidr_block": "",
                            "main_route_table_id": "rtb-06e46afaece3ab76e",
                            "owner_id": "617495044323",
                            "tags.%": "1",
                            "tags.Name": "demo_network"
                        },
                        "meta": {
                            "schema_version": "1"
                        },
                        "tainted": false
                    },
                    "deposed": [],
                    "provider": "provider.aws"
                }
            },
            "depends_on": []
        }
    ]
}
